
Microsoft Visual Studio Solution File, Format Version 12.00
# Visual Studio Version 17
VisualStudioVersion = 17.3.32929.385
MinimumVisualStudioVersion = 10.0.40219.1
Project("{FAE04EC0-301F-11D3-BF4B-00C04F79EFBC}") = "Tp4", "Tp4\Tp4.csproj", "{6705E4E2-FAEF-4020-9068-19ECBD92CC77}"
EndProject
Global
	GlobalSection(SolutionConfigurationPlatforms) = preSolution
		Debug|Any CPU = Debug|Any CPU
		Release|Any CPU = Release|Any CPU
	EndGlobalSection
	GlobalSection(ProjectConfigurationPlatforms) = postSolution
		{6705E4E2-FAEF-4020-9068-19ECBD92CC77}.Debug|Any CPU.ActiveCfg = Debug|Any CPU
		{6705E4E2-FAEF-4020-9068-19ECBD92CC77}.Debug|Any CPU.Build.0 = Debug|Any CPU
		{6705E4E2-FAEF-4020-9068-19ECBD92CC77}.Release|Any CPU.ActiveCfg = Release|Any CPU
		{6705E4E2-FAEF-4020-9068-19ECBD92CC77}.Release|Any CPU.Build.0 = Release|Any CPU
	EndGlobalSection
	GlobalSection(SolutionProperties) = preSolution
		HideSolutionNode = FALSE
	EndGlobalSection
	GlobalSection(ExtensibilityGlobals) = postSolution
		SolutionGuid = {D8D97FBF-D370-4BE8-94E3-B28164AA0EFA}
	EndGlobalSection
EndGlobal
