
Microsoft Visual Studio Solution File, Format Version 12.00
# Visual Studio Version 17
VisualStudioVersion = 17.3.32929.385
MinimumVisualStudioVersion = 10.0.40219.1
Project("{FAE04EC0-301F-11D3-BF4B-00C04F79EFBC}") = "tP4", "tP4\tP4.csproj", "{15240104-418E-45D7-B1BE-1C6046C6EABF}"
EndProject
Global
	GlobalSection(SolutionConfigurationPlatforms) = preSolution
		Debug|Any CPU = Debug|Any CPU
		Release|Any CPU = Release|Any CPU
	EndGlobalSection
	GlobalSection(ProjectConfigurationPlatforms) = postSolution
		{15240104-418E-45D7-B1BE-1C6046C6EABF}.Debug|Any CPU.ActiveCfg = Debug|Any CPU
		{15240104-418E-45D7-B1BE-1C6046C6EABF}.Debug|Any CPU.Build.0 = Debug|Any CPU
		{15240104-418E-45D7-B1BE-1C6046C6EABF}.Release|Any CPU.ActiveCfg = Release|Any CPU
		{15240104-418E-45D7-B1BE-1C6046C6EABF}.Release|Any CPU.Build.0 = Release|Any CPU
	EndGlobalSection
	GlobalSection(SolutionProperties) = preSolution
		HideSolutionNode = FALSE
	EndGlobalSection
	GlobalSection(ExtensibilityGlobals) = postSolution
		SolutionGuid = {94255871-9DB5-4EFC-884E-F3BC7BF5223B}
	EndGlobalSection
EndGlobal
