
Microsoft Visual Studio Solution File, Format Version 12.00
# Visual Studio Version 17
VisualStudioVersion = 17.3.32929.385
MinimumVisualStudioVersion = 10.0.40219.1
Project("{FAE04EC0-301F-11D3-BF4B-00C04F79EFBC}") = "AltaBajaListado", "AltaBajaListado\AltaBajaListado.csproj", "{89D0A95A-9E55-4A5D-A4BC-3390860854F2}"
EndProject
Global
	GlobalSection(SolutionConfigurationPlatforms) = preSolution
		Debug|Any CPU = Debug|Any CPU
		Release|Any CPU = Release|Any CPU
	EndGlobalSection
	GlobalSection(ProjectConfigurationPlatforms) = postSolution
		{89D0A95A-9E55-4A5D-A4BC-3390860854F2}.Debug|Any CPU.ActiveCfg = Debug|Any CPU
		{89D0A95A-9E55-4A5D-A4BC-3390860854F2}.Debug|Any CPU.Build.0 = Debug|Any CPU
		{89D0A95A-9E55-4A5D-A4BC-3390860854F2}.Release|Any CPU.ActiveCfg = Release|Any CPU
		{89D0A95A-9E55-4A5D-A4BC-3390860854F2}.Release|Any CPU.Build.0 = Release|Any CPU
	EndGlobalSection
	GlobalSection(SolutionProperties) = preSolution
		HideSolutionNode = FALSE
	EndGlobalSection
	GlobalSection(ExtensibilityGlobals) = postSolution
		SolutionGuid = {11231051-88F1-4D84-9F3F-3A68CD3AF1AB}
	EndGlobalSection
EndGlobal
